
Microsoft Visual Studio Solution File, Format Version 12.00
# Visual Studio Version 16
VisualStudioVersion = 16.0.28803.202
MinimumVisualStudioVersion = 10.0.40219.1
Project("{9A19103F-16F7-4668-BE54-9A1E7A4F7556}") = "studo", "studo\studo.csproj", "{A936B3C2-8318-4E15-B444-7DA0ECD1E999}"
EndProject
Project("{9A19103F-16F7-4668-BE54-9A1E7A4F7556}") = "studo.LogsViewer", "studo.LogsViewer\studo.LogsViewer.csproj", "{DF4440CE-59C6-4182-B2D1-777348558463}"
EndProject
Project("{9A19103F-16F7-4668-BE54-9A1E7A4F7556}") = "studo.LogsModel", "studo.LogsModel\studo.LogsModel.csproj", "{0507CC28-407A-40AA-BAA5-A3D4EE697C3B}"
EndProject
Project("{9A19103F-16F7-4668-BE54-9A1E7A4F7556}") = "studo.Decryptor", "studo.Decryptor\studo.Decryptor.csproj", "{2B36B49B-E426-4EC4-A3E5-2057756C3243}"
EndProject
Project("{2150E333-8FDC-42A3-9474-1A3956D46DE8}") = "Solution Items", "Solution Items", "{3E0D0244-AE2C-4B5C-991D-6A922C31C48F}"
	ProjectSection(SolutionItems) = preProject
		.gitignore = .gitignore
	EndProjectSection
EndProject
Global
	GlobalSection(SolutionConfigurationPlatforms) = preSolution
		Debug|Any CPU = Debug|Any CPU
		Release|Any CPU = Release|Any CPU
	EndGlobalSection
	GlobalSection(ProjectConfigurationPlatforms) = postSolution
		{A936B3C2-8318-4E15-B444-7DA0ECD1E999}.Debug|Any CPU.ActiveCfg = Debug|Any CPU
		{A936B3C2-8318-4E15-B444-7DA0ECD1E999}.Debug|Any CPU.Build.0 = Debug|Any CPU
		{A936B3C2-8318-4E15-B444-7DA0ECD1E999}.Release|Any CPU.ActiveCfg = Release|Any CPU
		{A936B3C2-8318-4E15-B444-7DA0ECD1E999}.Release|Any CPU.Build.0 = Release|Any CPU
		{DF4440CE-59C6-4182-B2D1-777348558463}.Debug|Any CPU.ActiveCfg = Debug|Any CPU
		{DF4440CE-59C6-4182-B2D1-777348558463}.Debug|Any CPU.Build.0 = Debug|Any CPU
		{DF4440CE-59C6-4182-B2D1-777348558463}.Release|Any CPU.ActiveCfg = Release|Any CPU
		{DF4440CE-59C6-4182-B2D1-777348558463}.Release|Any CPU.Build.0 = Release|Any CPU
		{0507CC28-407A-40AA-BAA5-A3D4EE697C3B}.Debug|Any CPU.ActiveCfg = Debug|Any CPU
		{0507CC28-407A-40AA-BAA5-A3D4EE697C3B}.Debug|Any CPU.Build.0 = Debug|Any CPU
		{0507CC28-407A-40AA-BAA5-A3D4EE697C3B}.Release|Any CPU.ActiveCfg = Release|Any CPU
		{0507CC28-407A-40AA-BAA5-A3D4EE697C3B}.Release|Any CPU.Build.0 = Release|Any CPU
		{2B36B49B-E426-4EC4-A3E5-2057756C3243}.Debug|Any CPU.ActiveCfg = Debug|Any CPU
		{2B36B49B-E426-4EC4-A3E5-2057756C3243}.Debug|Any CPU.Build.0 = Debug|Any CPU
		{2B36B49B-E426-4EC4-A3E5-2057756C3243}.Release|Any CPU.ActiveCfg = Release|Any CPU
		{2B36B49B-E426-4EC4-A3E5-2057756C3243}.Release|Any CPU.Build.0 = Release|Any CPU
	EndGlobalSection
	GlobalSection(SolutionProperties) = preSolution
		HideSolutionNode = FALSE
	EndGlobalSection
	GlobalSection(ExtensibilityGlobals) = postSolution
		SolutionGuid = {489A7EAD-B915-4493-A8C7-41E2F4F5FC73}
	EndGlobalSection
EndGlobal
